// !$*UTF8*$!
{
	archiveVersion = 1;
	classes = {
	};
	objectVersion = 46;
	objects = {

/* Begin PBXBuildFile section */
		423E4E4D1AB9D3F700E8CB09 /* AppDelegate.swift in Sources */ = {isa = PBXBuildFile; fileRef = 423E4E4C1AB9D3F700E8CB09 /* AppDelegate.swift */; };
		423E4E4F1AB9D3F700E8CB09 /* ViewController.swift in Sources */ = {isa = PBXBuildFile; fileRef = 423E4E4E1AB9D3F700E8CB09 /* ViewController.swift */; };
		423E4E521AB9D3F700E8CB09 /* Main.storyboard in Resources */ = {isa = PBXBuildFile; fileRef = 423E4E501AB9D3F700E8CB09 /* Main.storyboard */; };
		423E4E541AB9D3F700E8CB09 /* Images.xcassets in Resources */ = {isa = PBXBuildFile; fileRef = 423E4E531AB9D3F700E8CB09 /* Images.xcassets */; };
		423E4E571AB9D3F700E8CB09 /* LaunchScreen.xib in Resources */ = {isa = PBXBuildFile; fileRef = 423E4E551AB9D3F700E8CB09 /* LaunchScreen.xib */; };
		423E4E631AB9D3F700E8CB09 /* tempTests.swift in Sources */ = {isa = PBXBuildFile; fileRef = 423E4E621AB9D3F700E8CB09 /* tempTests.swift */; };
/* End PBXBuildFile section */

/* Begin PBXContainerItemProxy section */
		423E4E5D1AB9D3F700E8CB09 /* PBXContainerItemProxy */ = {
			isa = PBXContainerItemProxy;
			containerPortal = 423E4E3F1AB9D3F700E8CB09 /* Project object */;
			proxyType = 1;
			remoteGlobalIDString = 423E4E461AB9D3F700E8CB09;
			remoteInfo = temp;
		};
/* End PBXContainerItemProxy section */

/* Begin PBXFileReference section */
		423E4E471AB9D3F700E8CB09 /* temp.app */ = {isa = PBXFileReference; explicitFileType = wrapper.application; includeInIndex = 0; path = temp.app; sourceTree = BUILT_PRODUCTS_DIR; };
		423E4E4B1AB9D3F700E8CB09 /* Info.plist */ = {isa = PBXFileReference; lastKnownFileType = text.plist.xml; path = Info.plist; sourceTree = "<group>"; };
		423E4E4C1AB9D3F700E8CB09 /* AppDelegate.swift */ = {isa = PBXFileReference; lastKnownFileType = sourcecode.swift; path = AppDelegate.swift; sourceTree = "<group>"; };
		423E4E4E1AB9D3F700E8CB09 /* ViewController.swift */ = {isa = PBXFileReference; lastKnownFileType = sourcecode.swift; path = ViewController.swift; sourceTree = "<group>"; };
		423E4E511AB9D3F700E8CB09 /* Base */ = {isa = PBXFileReference; lastKnownFileType = file.storyboard; name = Base; path = Base.lproj/Main.storyboard; sourceTree = "<group>"; };
		423E4E531AB9D3F700E8CB09 /* Images.xcassets */ = {isa = PBXFileReference; lastKnownFileType = folder.assetcatalog; path = Images.xcassets; sourceTree = "<group>"; };
		423E4E561AB9D3F700E8CB09 /* Base */ = {isa = PBXFileReference; lastKnownFileType = file.xib; name = Base; path = Base.lproj/LaunchScreen.xib; sourceTree = "<group>"; };
		423E4E5C1AB9D3F700E8CB09 /* tempTests.xctest */ = {isa = PBXFileReference; explicitFileType = wrapper.cfbundle; includeInIndex = 0; path = tempTests.xctest; sourceTree = BUILT_PRODUCTS_DIR; };
		423E4E611AB9D3F700E8CB09 /* Info.plist */ = {isa = PBXFileReference; lastKnownFileType = text.plist.xml; path = Info.plist; sourceTree = "<group>"; };
		423E4E621AB9D3F700E8CB09 /* tempTests.swift */ = {isa = PBXFileReference; lastKnownFileType = sourcecode.swift; path = tempTests.swift; sourceTree = "<group>"; };
/* End PBXFileReference section */

/* Begin PBXFrameworksBuildPhase section */
		423E4E441AB9D3F700E8CB09 /* Frameworks */ = {
			isa = PBXFrameworksBuildPhase;
			buildActionMask = 2147483647;
			files = (
			);
			runOnlyForDeploymentPostprocessing = 0;
		};
		423E4E591AB9D3F700E8CB09 /* Frameworks */ = {
			isa = PBXFrameworksBuildPhase;
			buildActionMask = 2147483647;
			files = (
			);
			runOnlyForDeploymentPostprocessing = 0;
		};
/* End PBXFrameworksBuildPhase section */

/* Begin PBXGroup section */
		423E4E3E1AB9D3F700E8CB09 = {
			isa = PBXGroup;
			children = (
				423E4E491AB9D3F700E8CB09 /* temp */,
				423E4E5F1AB9D3F700E8CB09 /* tempTests */,
				423E4E481AB9D3F700E8CB09 /* Products */,
			);
			sourceTree = "<group>";
		};
		423E4E481AB9D3F700E8CB09 /* Products */ = {
			isa = PBXGroup;
			children = (
				423E4E471AB9D3F700E8CB09 /* temp.app */,
				423E4E5C1AB9D3F700E8CB09 /* tempTests.xctest */,
			);
			name = Products;
			sourceTree = "<group>";
		};
		423E4E491AB9D3F700E8CB09 /* temp */ = {
			isa = PBXGroup;
			children = (
				423E4E4C1AB9D3F700E8CB09 /* AppDelegate.swift */,
				423E4E4E1AB9D3F700E8CB09 /* ViewController.swift */,
				423E4E501AB9D3F700E8CB09 /* Main.storyboard */,
				423E4E531AB9D3F700E8CB09 /* Images.xcassets */,
				423E4E551AB9D3F700E8CB09 /* LaunchScreen.xib */,
				423E4E4A1AB9D3F700E8CB09 /* Supporting Files */,
			);
			path = temp;
			sourceTree = "<group>";
		};
		423E4E4A1AB9D3F700E8CB09 /* Supporting Files */ = {
			isa = PBXGroup;
			children = (
				423E4E4B1AB9D3F700E8CB09 /* Info.plist */,
			);
			name = "Supporting Files";
			sourceTree = "<group>";
		};
		423E4E5F1AB9D3F700E8CB09 /* tempTests */ = {
			isa = PBXGroup;
			children = (
				423E4E621AB9D3F700E8CB09 /* tempTests.swift */,
				423E4E601AB9D3F700E8CB09 /* Supporting Files */,
			);
			path = tempTests;
			sourceTree = "<group>";
		};
		423E4E601AB9D3F700E8CB09 /* Supporting Files */ = {
			isa = PBXGroup;
			children = (
				423E4E611AB9D3F700E8CB09 /* Info.plist */,
			);
			name = "Supporting Files";
			sourceTree = "<group>";
		};
/* End PBXGroup section */

/* Begin PBXNativeTarget section */
		423E4E461AB9D3F700E8CB09 /* temp */ = {
			isa = PBXNativeTarget;
			buildConfigurationList = 423E4E661AB9D3F700E8CB09 /* Build configuration list for PBXNativeTarget "temp" */;
			buildPhases = (
				423E4E431AB9D3F700E8CB09 /* Sources */,
				423E4E441AB9D3F700E8CB09 /* Frameworks */,
				423E4E451AB9D3F700E8CB09 /* Resources */,
			);
			buildRules = (
			);
			dependencies = (
			);
			name = temp;
			productName = temp;
			productReference = 423E4E471AB9D3F700E8CB09 /* temp.app */;
			productType = "com.apple.product-type.application";
		};
		423E4E5B1AB9D3F700E8CB09 /* tempTests */ = {
			isa = PBXNativeTarget;
			buildConfigurationList = 423E4E691AB9D3F700E8CB09 /* Build configuration list for PBXNativeTarget "tempTests" */;
			buildPhases = (
				423E4E581AB9D3F700E8CB09 /* Sources */,
				423E4E591AB9D3F700E8CB09 /* Frameworks */,
				423E4E5A1AB9D3F700E8CB09 /* Resources */,
			);
			buildRules = (
			);
			dependencies = (
				423E4E5E1AB9D3F700E8CB09 /* PBXTargetDependency */,
			);
			name = tempTests;
			productName = tempTests;
			productReference = 423E4E5C1AB9D3F700E8CB09 /* tempTests.xctest */;
			productType = "com.apple.product-type.bundle.unit-test";
		};
/* End PBXNativeTarget section */

/* Begin PBXProject section */
		423E4E3F1AB9D3F700E8CB09 /* Project object */ = {
			isa = PBXProject;
			attributes = {
				LastUpgradeCheck = 0600;
				ORGANIZATIONNAME = PanaCloud;
				TargetAttributes = {
					423E4E461AB9D3F700E8CB09 = {
						CreatedOnToolsVersion = 6.0.1;
					};
					423E4E5B1AB9D3F700E8CB09 = {
						CreatedOnToolsVersion = 6.0.1;
						TestTargetID = 423E4E461AB9D3F700E8CB09;
					};
				};
			};
			buildConfigurationList = 423E4E421AB9D3F700E8CB09 /* Build configuration list for PBXProject "temp" */;
			compatibilityVersion = "Xcode 3.2";
			developmentRegion = English;
			hasScannedForEncodings = 0;
			knownRegions = (
				en,
				Base,
			);
			mainGroup = 423E4E3E1AB9D3F700E8CB09;
			productRefGroup = 423E4E481AB9D3F700E8CB09 /* Products */;
			projectDirPath = "";
			projectRoot = "";
			targets = (
				423E4E461AB9D3F700E8CB09 /* temp */,
				423E4E5B1AB9D3F700E8CB09 /* tempTests */,
			);
		};
/* End PBXProject section */

/* Begin PBXResourcesBuildPhase section */
		423E4E451AB9D3F700E8CB09 /* Resources */ = {
			isa = PBXResourcesBuildPhase;
			buildActionMask = 2147483647;
			files = (
				423E4E521AB9D3F700E8CB09 /* Main.storyboard in Resources */,
				423E4E571AB9D3F700E8CB09 /* LaunchScreen.xib in Resources */,
				423E4E541AB9D3F700E8CB09 /* Images.xcassets in Resources */,
			);
			runOnlyForDeploymentPostprocessing = 0;
		};
		423E4E5A1AB9D3F700E8CB09 /* Resources */ = {
			isa = PBXResourcesBuildPhase;
			buildActionMask = 2147483647;
			files = (
			);
			runOnlyForDeploymentPostprocessing = 0;
		};
/* End PBXResourcesBuildPhase section */

/* Begin PBXSourcesBuildPhase section */
		423E4E431AB9D3F700E8CB09 /* Sources */ = {
			isa = PBXSourcesBuildPhase;
			buildActionMask = 2147483647;
			files = (
				423E4E4F1AB9D3F700E8CB09 /* ViewController.swift in Sources */,
				423E4E4D1AB9D3F700E8CB09 /* AppDelegate.swift in Sources */,
			);
			runOnlyForDeploymentPostprocessing = 0;
		};
		423E4E581AB9D3F700E8CB09 /* Sources */ = {
			isa = PBXSourcesBuildPhase;
			buildActionMask = 2147483647;
			files = (
				423E4E631AB9D3F700E8CB09 /* tempTests.swift in Sources */,
			);
			runOnlyForDeploymentPostprocessing = 0;
		};
/* End PBXSourcesBuildPhase section */

/* Begin PBXTargetDependency section */
		423E4E5E1AB9D3F700E8CB09 /* PBXTargetDependency */ = {
			isa = PBXTargetDependency;
			target = 423E4E461AB9D3F700E8CB09 /* temp */;
			targetProxy = 423E4E5D1AB9D3F700E8CB09 /* PBXContainerItemProxy */;
		};
/* End PBXTargetDependency section */

/* Begin PBXVariantGroup section */
		423E4E501AB9D3F700E8CB09 /* Main.storyboard */ = {
			isa = PBXVariantGroup;
			children = (
				423E4E511AB9D3F700E8CB09 /* Base */,
			);
			name = Main.storyboard;
			sourceTree = "<group>";
		};
		423E4E551AB9D3F700E8CB09 /* LaunchScreen.xib */ = {
			isa = PBXVariantGroup;
			children = (
				423E4E561AB9D3F700E8CB09 /* Base */,
			);
			name = LaunchScreen.xib;
			sourceTree = "<group>";
		};
/* End PBXVariantGroup section */

/* Begin XCBuildConfiguration section */
		423E4E641AB9D3F700E8CB09 /* Debug */ = {
			isa = XCBuildConfiguration;
			buildSettings = {
				ALWAYS_SEARCH_USER_PATHS = NO;
				CLANG_CXX_LANGUAGE_STANDARD = "gnu++0x";
				CLANG_CXX_LIBRARY = "libc++";
				CLANG_ENABLE_MODULES = YES;
				CLANG_ENABLE_OBJC_ARC = YES;
				CLANG_WARN_BOOL_CONVERSION = YES;
				CLANG_WARN_CONSTANT_CONVERSION = YES;
				CLANG_WARN_DIRECT_OBJC_ISA_USAGE = YES_ERROR;
				CLANG_WARN_EMPTY_BODY = YES;
				CLANG_WARN_ENUM_CONVERSION = YES;
				CLANG_WARN_INT_CONVERSION = YES;
				CLANG_WARN_OBJC_ROOT_CLASS = YES_ERROR;
				CLANG_WARN_UNREACHABLE_CODE = YES;
				CLANG_WARN__DUPLICATE_METHOD_MATCH = YES;
				"CODE_SIGN_IDENTITY[sdk=iphoneos*]" = "iPhone Developer";
				COPY_PHASE_STRIP = NO;
				ENABLE_STRICT_OBJC_MSGSEND = YES;
				GCC_C_LANGUAGE_STANDARD = gnu99;
				GCC_DYNAMIC_NO_PIC = NO;
				GCC_OPTIMIZATION_LEVEL = 0;
				GCC_PREPROCESSOR_DEFINITIONS = (
					"DEBUG=1",
					"$(inherited)",
				);
				GCC_SYMBOLS_PRIVATE_EXTERN = NO;
				GCC_WARN_64_TO_32_BIT_CONVERSION = YES;
				GCC_WARN_ABOUT_RETURN_TYPE = YES_ERROR;
				GCC_WARN_UNDECLARED_SELECTOR = YES;
				GCC_WARN_UNINITIALIZED_AUTOS = YES_AGGRESSIVE;
				GCC_WARN_UNUSED_FUNCTION = YES;
				GCC_WARN_UNUSED_VARIABLE = YES;
				IPHONEOS_DEPLOYMENT_TARGET = 8.0;
				MTL_ENABLE_DEBUG_INFO = YES;
				ONLY_ACTIVE_ARCH = YES;
				SDKROOT = iphoneos;
				SWIFT_OPTIMIZATION_LEVEL = "-Onone";
			};
			name = Debug;
		};
		423E4E651AB9D3F700E8CB09 /* Release */ = {
			isa = XCBuildConfiguration;
			buildSettings = {
				ALWAYS_SEARCH_USER_PATHS = NO;
				CLANG_CXX_LANGUAGE_STANDARD = "gnu++0x";
				CLANG_CXX_LIBRARY = "libc++";
				CLANG_ENABLE_MODULES = YES;
				CLANG_ENABLE_OBJC_ARC = YES;
				CLANG_WARN_BOOL_CONVERSION = YES;
				CLANG_WARN_CONSTANT_CONVERSION = YES;
				CLANG_WARN_DIRECT_OBJC_ISA_USAGE = YES_ERROR;
				CLANG_WARN_EMPTY_BODY = YES;
				CLANG_WARN_ENUM_CONVERSION = YES;
				CLANG_WARN_INT_CONVERSION = YES;
				CLANG_WARN_OBJC_ROOT_CLASS = YES_ERROR;
				CLANG_WARN_UNREACHABLE_CODE = YES;
				CLANG_WARN__DUPLICATE_METHOD_MATCH = YES;
				"CODE_SIGN_IDENTITY[sdk=iphoneos*]" = "iPhone Developer";
				COPY_PHASE_STRIP = YES;
				ENABLE_NS_ASSERTIONS = NO;
				ENABLE_STRICT_OBJC_MSGSEND = YES;
				GCC_C_LANGUAGE_STANDARD = gnu99;
				GCC_WARN_64_TO_32_BIT_CONVERSION = YES;
				GCC_WARN_ABOUT_RETURN_TYPE = YES_ERROR;
				GCC_WARN_UNDECLARED_SELECTOR = YES;
				GCC_WARN_UNINITIALIZED_AUTOS = YES_AGGRESSIVE;
				GCC_WARN_UNUSED_FUNCTION = YES;
				GCC_WARN_UNUSED_VARIABLE = YES;
				IPHONEOS_DEPLOYMENT_TARGET = 8.0;
				MTL_ENABLE_DEBUG_INFO = NO;
				SDKROOT = iphoneos;
				VALIDATE_PRODUCT = YES;
			};
			name = Release;
		};
		423E4E671AB9D3F700E8CB09 /* Debug */ = {
			isa = XCBuildConfiguration;
			buildSettings = {
				ASSETCATALOG_COMPILER_APPICON_NAME = AppIcon;
				INFOPLIST_FILE = temp/Info.plist;
				LD_RUNPATH_SEARCH_PATHS = "$(inherited) @executable_path/Frameworks";
				PRODUCT_NAME = "$(TARGET_NAME)";
			};
			name = Debug;
		};
		423E4E681AB9D3F700E8CB09 /* Release */ = {
			isa = XCBuildConfiguration;
			buildSettings = {
				ASSETCATALOG_COMPILER_APPICON_NAME = AppIcon;
				INFOPLIST_FILE = temp/Info.plist;
				LD_RUNPATH_SEARCH_PATHS = "$(inherited) @executable_path/Frameworks";
				PRODUCT_NAME = "$(TARGET_NAME)";
			};
			name = Release;
		};
		423E4E6A1AB9D3F700E8CB09 /* Debug */ = {
			isa = XCBuildConfiguration;
			buildSettings = {
				BUNDLE_LOADER = "$(TEST_HOST)";
				FRAMEWORK_SEARCH_PATHS = (
					"$(SDKROOT)/Developer/Library/Frameworks",
					"$(inherited)",
				);
				GCC_PREPROCESSOR_DEFINITIONS = (
					"DEBUG=1",
					"$(inherited)",
				);
				INFOPLIST_FILE = tempTests/Info.plist;
				LD_RUNPATH_SEARCH_PATHS = "$(inherited) @executable_path/Frameworks @loader_path/Frameworks";
				PRODUCT_NAME = "$(TARGET_NAME)";
				TEST_HOST = "$(BUILT_PRODUCTS_DIR)/temp.app/temp";
			};
			name = Debug;
		};
		423E4E6B1AB9D3F700E8CB09 /* Release */ = {
			isa = XCBuildConfiguration;
			buildSettings = {
				BUNDLE_LOADER = "$(TEST_HOST)";
				FRAMEWORK_SEARCH_PATHS = (
					"$(SDKROOT)/Developer/Library/Frameworks",
					"$(inherited)",
				);
				INFOPLIST_FILE = tempTests/Info.plist;
				LD_RUNPATH_SEARCH_PATHS = "$(inherited) @executable_path/Frameworks @loader_path/Frameworks";
				PRODUCT_NAME = "$(TARGET_NAME)";
				TEST_HOST = "$(BUILT_PRODUCTS_DIR)/temp.app/temp";
			};
			name = Release;
		};
/* End XCBuildConfiguration section */

/* Begin XCConfigurationList section */
		423E4E421AB9D3F700E8CB09 /* Build configuration list for PBXProject "temp" */ = {
			isa = XCConfigurationList;
			buildConfigurations = (
				423E4E641AB9D3F700E8CB09 /* Debug */,
				423E4E651AB9D3F700E8CB09 /* Release */,
			);
			defaultConfigurationIsVisible = 0;
			defaultConfigurationName = Release;
		};
		423E4E661AB9D3F700E8CB09 /* Build configuration list for PBXNativeTarget "temp" */ = {
			isa = XCConfigurationList;
			buildConfigurations = (
				423E4E671AB9D3F700E8CB09 /* Debug */,
				423E4E681AB9D3F700E8CB09 /* Release */,
			);
			defaultConfigurationIsVisible = 0;
		};
		423E4E691AB9D3F700E8CB09 /* Build configuration list for PBXNativeTarget "tempTests" */ = {
			isa = XCConfigurationList;
			buildConfigurations = (
				423E4E6A1AB9D3F700E8CB09 /* Debug */,
				423E4E6B1AB9D3F700E8CB09 /* Release */,
			);
			defaultConfigurationIsVisible = 0;
		};
/* End XCConfigurationList section */
	};
	rootObject = 423E4E3F1AB9D3F700E8CB09 /* Project object */;
}
